
Microsoft Visual Studio Solution File, Format Version 12.00
# Visual Studio Version 17
VisualStudioVersion = 17.10.35027.167
MinimumVisualStudioVersion = 10.0.40219.1
Project("{9A19103F-16F7-4668-BE54-9A1E7A4F7556}") = "AppWebBlazor2.Server", "AppWebBlazor2\Server\AppWebBlazor2.Server.csproj", "{E839FE3F-7DB6-4057-8CF5-EDF7507ED73E}"
EndProject
Project("{9A19103F-16F7-4668-BE54-9A1E7A4F7556}") = "AppWebBlazor2.Client", "AppWebBlazor2\Client\AppWebBlazor2.Client.csproj", "{828197B1-A5DF-4AEC-BD4B-7135EC875C0D}"
EndProject
Project("{9A19103F-16F7-4668-BE54-9A1E7A4F7556}") = "AppWebBlazor2.Shared", "AppWebBlazor2\Shared\AppWebBlazor2.Shared.csproj", "{7AA5FE69-E429-4464-AAAB-8F44B17D475A}"
EndProject
Global
	GlobalSection(SolutionConfigurationPlatforms) = preSolution
		Debug|Any CPU = Debug|Any CPU
		Release|Any CPU = Release|Any CPU
	EndGlobalSection
	GlobalSection(ProjectConfigurationPlatforms) = postSolution
		{E839FE3F-7DB6-4057-8CF5-EDF7507ED73E}.Debug|Any CPU.ActiveCfg = Debug|Any CPU
		{E839FE3F-7DB6-4057-8CF5-EDF7507ED73E}.Debug|Any CPU.Build.0 = Debug|Any CPU
		{E839FE3F-7DB6-4057-8CF5-EDF7507ED73E}.Release|Any CPU.ActiveCfg = Release|Any CPU
		{E839FE3F-7DB6-4057-8CF5-EDF7507ED73E}.Release|Any CPU.Build.0 = Release|Any CPU
		{828197B1-A5DF-4AEC-BD4B-7135EC875C0D}.Debug|Any CPU.ActiveCfg = Debug|Any CPU
		{828197B1-A5DF-4AEC-BD4B-7135EC875C0D}.Debug|Any CPU.Build.0 = Debug|Any CPU
		{828197B1-A5DF-4AEC-BD4B-7135EC875C0D}.Release|Any CPU.ActiveCfg = Release|Any CPU
		{828197B1-A5DF-4AEC-BD4B-7135EC875C0D}.Release|Any CPU.Build.0 = Release|Any CPU
		{7AA5FE69-E429-4464-AAAB-8F44B17D475A}.Debug|Any CPU.ActiveCfg = Debug|Any CPU
		{7AA5FE69-E429-4464-AAAB-8F44B17D475A}.Debug|Any CPU.Build.0 = Debug|Any CPU
		{7AA5FE69-E429-4464-AAAB-8F44B17D475A}.Release|Any CPU.ActiveCfg = Release|Any CPU
		{7AA5FE69-E429-4464-AAAB-8F44B17D475A}.Release|Any CPU.Build.0 = Release|Any CPU
	EndGlobalSection
	GlobalSection(SolutionProperties) = preSolution
		HideSolutionNode = FALSE
	EndGlobalSection
	GlobalSection(ExtensibilityGlobals) = postSolution
		SolutionGuid = {359B9B03-D33C-4FD7-9D19-D1DE0A8932A1}
	EndGlobalSection
EndGlobal
